
Microsoft Visual Studio Solution File, Format Version 12.00
# Visual Studio Version 16
VisualStudioVersion = 16.0.31402.337
MinimumVisualStudioVersion = 10.0.40219.1
Project("{FAE04EC0-301F-11D3-BF4B-00C04F79EFBC}") = "WikipediaExtractor", "WikipediaExtractor\WikipediaExtractor.csproj", "{78B78BAE-BFA6-46F1-9E22-979C0E97FE57}"
EndProject
Global
	GlobalSection(SolutionConfigurationPlatforms) = preSolution
		Debug|Any CPU = Debug|Any CPU
		Release|Any CPU = Release|Any CPU
	EndGlobalSection
	GlobalSection(ProjectConfigurationPlatforms) = postSolution
		{78B78BAE-BFA6-46F1-9E22-979C0E97FE57}.Debug|Any CPU.ActiveCfg = Debug|Any CPU
		{78B78BAE-BFA6-46F1-9E22-979C0E97FE57}.Debug|Any CPU.Build.0 = Debug|Any CPU
		{78B78BAE-BFA6-46F1-9E22-979C0E97FE57}.Release|Any CPU.ActiveCfg = Release|Any CPU
		{78B78BAE-BFA6-46F1-9E22-979C0E97FE57}.Release|Any CPU.Build.0 = Release|Any CPU
	EndGlobalSection
	GlobalSection(SolutionProperties) = preSolution
		HideSolutionNode = FALSE
	EndGlobalSection
	GlobalSection(ExtensibilityGlobals) = postSolution
		SolutionGuid = {C4308F5A-2A11-4850-BD99-85078A4BEE2A}
	EndGlobalSection
EndGlobal
